
Microsoft Visual Studio Solution File, Format Version 12.00
# Visual Studio 15
VisualStudioVersion = 15.0.26730.16
MinimumVisualStudioVersion = 10.0.40219.1
Project("{FAE04EC0-301F-11D3-BF4B-00C04F79EFBC}") = "CriPakTools", "CriPakTools\CriPakTools.csproj", "{05EC5B1D-DF4F-48D6-A17F-C8AB5FD4A015}"
	ProjectSection(ProjectDependencies) = postProject
		{BA3A00E4-4F51-4AB4-A8FB-F4B64A874449} = {BA3A00E4-4F51-4AB4-A8FB-F4B64A874449}
	EndProjectSection
EndProject
Project("{FAE04EC0-301F-11D3-BF4B-00C04F79EFBC}") = "CriPakGUI", "CriPakGUI\CriPakGUI.csproj", "{B1456552-CB63-49BF-99C0-5A4669532F61}"
	ProjectSection(ProjectDependencies) = postProject
		{BA3A00E4-4F51-4AB4-A8FB-F4B64A874449} = {BA3A00E4-4F51-4AB4-A8FB-F4B64A874449}
	EndProjectSection
EndProject
Project("{FAE04EC0-301F-11D3-BF4B-00C04F79EFBC}") = "LibCPK", "LibCPK\LibCPK.csproj", "{BA3A00E4-4F51-4AB4-A8FB-F4B64A874449}"
EndProject
Project("{8BC9CEB8-8B4A-11D0-8D11-00A0C91BC942}") = "LibCRIComp", "LibCRIComp\LibCRIComp.vcxproj", "{E5829A5B-E121-41AA-A84B-E7B4C8DBDF30}"
EndProject
Global
	GlobalSection(SolutionConfigurationPlatforms) = preSolution
		Debug|Any CPU = Debug|Any CPU
		Debug|x64 = Debug|x64
		Debug|x86 = Debug|x86
		Release|Any CPU = Release|Any CPU
		Release|x64 = Release|x64
		Release|x86 = Release|x86
	EndGlobalSection
	GlobalSection(ProjectConfigurationPlatforms) = postSolution
		{05EC5B1D-DF4F-48D6-A17F-C8AB5FD4A015}.Debug|Any CPU.ActiveCfg = Debug|Any CPU
		{05EC5B1D-DF4F-48D6-A17F-C8AB5FD4A015}.Debug|Any CPU.Build.0 = Debug|Any CPU
		{05EC5B1D-DF4F-48D6-A17F-C8AB5FD4A015}.Debug|x64.ActiveCfg = Debug|x64
		{05EC5B1D-DF4F-48D6-A17F-C8AB5FD4A015}.Debug|x64.Build.0 = Debug|x64
		{05EC5B1D-DF4F-48D6-A17F-C8AB5FD4A015}.Debug|x86.ActiveCfg = Debug|x86
		{05EC5B1D-DF4F-48D6-A17F-C8AB5FD4A015}.Debug|x86.Build.0 = Debug|x86
		{05EC5B1D-DF4F-48D6-A17F-C8AB5FD4A015}.Release|Any CPU.ActiveCfg = Release|Any CPU
		{05EC5B1D-DF4F-48D6-A17F-C8AB5FD4A015}.Release|Any CPU.Build.0 = Release|Any CPU
		{05EC5B1D-DF4F-48D6-A17F-C8AB5FD4A015}.Release|x64.ActiveCfg = Release|x64
		{05EC5B1D-DF4F-48D6-A17F-C8AB5FD4A015}.Release|x64.Build.0 = Release|x64
		{05EC5B1D-DF4F-48D6-A17F-C8AB5FD4A015}.Release|x86.ActiveCfg = Release|x86
		{05EC5B1D-DF4F-48D6-A17F-C8AB5FD4A015}.Release|x86.Build.0 = Release|x86
		{B1456552-CB63-49BF-99C0-5A4669532F61}.Debug|Any CPU.ActiveCfg = Debug|Any CPU
		{B1456552-CB63-49BF-99C0-5A4669532F61}.Debug|Any CPU.Build.0 = Debug|Any CPU
		{B1456552-CB63-49BF-99C0-5A4669532F61}.Debug|x64.ActiveCfg = Debug|Any CPU
		{B1456552-CB63-49BF-99C0-5A4669532F61}.Debug|x86.ActiveCfg = Debug|Any CPU
		{B1456552-CB63-49BF-99C0-5A4669532F61}.Release|Any CPU.ActiveCfg = Release|Any CPU
		{B1456552-CB63-49BF-99C0-5A4669532F61}.Release|Any CPU.Build.0 = Release|Any CPU
		{B1456552-CB63-49BF-99C0-5A4669532F61}.Release|x64.ActiveCfg = Release|Any CPU
		{B1456552-CB63-49BF-99C0-5A4669532F61}.Release|x64.Build.0 = Release|Any CPU
		{B1456552-CB63-49BF-99C0-5A4669532F61}.Release|x86.ActiveCfg = Release|Any CPU
		{BA3A00E4-4F51-4AB4-A8FB-F4B64A874449}.Debug|Any CPU.ActiveCfg = Debug|Any CPU
		{BA3A00E4-4F51-4AB4-A8FB-F4B64A874449}.Debug|Any CPU.Build.0 = Debug|Any CPU
		{BA3A00E4-4F51-4AB4-A8FB-F4B64A874449}.Debug|x64.ActiveCfg = Debug|Any CPU
		{BA3A00E4-4F51-4AB4-A8FB-F4B64A874449}.Debug|x86.ActiveCfg = Debug|Any CPU
		{BA3A00E4-4F51-4AB4-A8FB-F4B64A874449}.Release|Any CPU.ActiveCfg = Release|Any CPU
		{BA3A00E4-4F51-4AB4-A8FB-F4B64A874449}.Release|Any CPU.Build.0 = Release|Any CPU
		{BA3A00E4-4F51-4AB4-A8FB-F4B64A874449}.Release|x64.ActiveCfg = Release|Any CPU
		{BA3A00E4-4F51-4AB4-A8FB-F4B64A874449}.Release|x64.Build.0 = Release|Any CPU
		{BA3A00E4-4F51-4AB4-A8FB-F4B64A874449}.Release|x86.ActiveCfg = Release|Any CPU
		{E5829A5B-E121-41AA-A84B-E7B4C8DBDF30}.Debug|Any CPU.ActiveCfg = Debug|Win32
		{E5829A5B-E121-41AA-A84B-E7B4C8DBDF30}.Debug|x64.ActiveCfg = Debug|x64
		{E5829A5B-E121-41AA-A84B-E7B4C8DBDF30}.Debug|x64.Build.0 = Debug|x64
		{E5829A5B-E121-41AA-A84B-E7B4C8DBDF30}.Debug|x86.ActiveCfg = Debug|Win32
		{E5829A5B-E121-41AA-A84B-E7B4C8DBDF30}.Debug|x86.Build.0 = Debug|Win32
		{E5829A5B-E121-41AA-A84B-E7B4C8DBDF30}.Release|Any CPU.ActiveCfg = Release|Win32
		{E5829A5B-E121-41AA-A84B-E7B4C8DBDF30}.Release|x64.ActiveCfg = Release|x64
		{E5829A5B-E121-41AA-A84B-E7B4C8DBDF30}.Release|x64.Build.0 = Release|x64
		{E5829A5B-E121-41AA-A84B-E7B4C8DBDF30}.Release|x86.ActiveCfg = Release|Win32
		{E5829A5B-E121-41AA-A84B-E7B4C8DBDF30}.Release|x86.Build.0 = Release|Win32
	EndGlobalSection
	GlobalSection(SolutionProperties) = preSolution
		HideSolutionNode = FALSE
	EndGlobalSection
	GlobalSection(ExtensibilityGlobals) = postSolution
		SolutionGuid = {770B89CA-7183-4E2F-A24E-0E1920153831}
	EndGlobalSection
EndGlobal
